{
  "name": "pixelquest-gameclient",
  "version": "1.0.0",
  "lockfileVersion": 2,
  "requires": true,
  "packages": {
    "": {
      "name": "pixelquest-gameclient",
      "version": "1.0.0",
      "dependencies": {
        "classnames": "^2.3.2",
        "howler": "^2.2.3",
        "react": "^18.2.0",
        "react-dom": "^18.2.0",
        "react-scripts": "^5.0.1",
        "zustand": "^4.3.8"
      },
      "devDependencies": {
        "@types/howler": "^2.2.12",
        "@types/react": "^18.2.15",
        "@types/react-dom": "^18.2.7",
        "typescript": "^4.9.5"
      }
    }
    // NOTE: Normally a full lockfile contains all transitive dependencies.
    // For brevity, only top-level structure is shown. In real CI, 'npm install' will fully populate this file.
  }
}
